<?xml version="1.0" encoding="utf-8"?>
<Project ToolsVersion="4.0" xmlns="http://schemas.microsoft.com/developer/msbuild/2003">
  <ItemGroup>
    <Filter Include="Form Files">
      <UniqueIdentifier>{99349809-55BA-4b9d-BF79-8FDBB0286EB3}</UniqueIdentifier>
      <Extensions>ui</Extensions>
      <ParseFiles>false</ParseFiles>
    </Filter>
    <Filter Include="Form Files">
      <UniqueIdentifier>{99349809-55BA-4b9d-BF79-8FDBB0286EB3}</UniqueIdentifier>
      <Extensions>ui</Extensions>
      <ParseFiles>false</ParseFiles>
    </Filter>
    <Filter Include="Generated Files">
      <UniqueIdentifier>{71ED8ED8-ACB9-4CE9-BBE1-E00B30144E11}</UniqueIdentifier>
      <Extensions>cpp;c;cxx;moc;h;def;odl;idl;res;</Extensions>
    </Filter>
    <Filter Include="Generated Files">
      <UniqueIdentifier>{71ED8ED8-ACB9-4CE9-BBE1-E00B30144E11}</UniqueIdentifier>
      <Extensions>cpp;c;cxx;moc;h;def;odl;idl;res;</Extensions>
    </Filter>
    <Filter Include="Header Files">
      <UniqueIdentifier>{93995380-89BD-4b04-88EB-625FBE52EBFB}</UniqueIdentifier>
      <Extensions>h;hpp;hxx;hm;inl;inc;xsd</Extensions>
    </Filter>
    <Filter Include="Header Files">
      <UniqueIdentifier>{93995380-89BD-4b04-88EB-625FBE52EBFB}</UniqueIdentifier>
      <Extensions>h;hpp;hxx;hm;inl;inc;xsd</Extensions>
    </Filter>
    <Filter Include="Resource Files">
      <UniqueIdentifier>{D9D6E242-F8AF-46E4-B9FD-80ECBC20BA3E}</UniqueIdentifier>
      <Extensions>qrc;*</Extensions>
      <ParseFiles>false</ParseFiles>
    </Filter>
    <Filter Include="Resource Files">
      <UniqueIdentifier>{D9D6E242-F8AF-46E4-B9FD-80ECBC20BA3E}</UniqueIdentifier>
      <Extensions>qrc;*</Extensions>
      <ParseFiles>false</ParseFiles>
    </Filter>
    <Filter Include="Source Files">
      <UniqueIdentifier>{4FC737F1-C7A5-4376-A066-2A32D752A2FF}</UniqueIdentifier>
      <Extensions>cpp;c;cxx;def;odl;idl;hpj;bat;asm;asmx</Extensions>
    </Filter>
    <Filter Include="Source Files">
      <UniqueIdentifier>{4FC737F1-C7A5-4376-A066-2A32D752A2FF}</UniqueIdentifier>
      <Extensions>cpp;c;cxx;def;odl;idl;hpj;bat;asm;asmx</Extensions>
    </Filter>
  </ItemGroup>
  <ItemGroup>
    <ClCompile Include="src\AboutDialog.cpp">
      <Filter>Source Files</Filter>
    </ClCompile>
    <ClCompile Include="src\Action.cpp">
      <Filter>Source Files</Filter>
    </ClCompile>
    <ClCompile Include="src\ActionDialog.cpp">
      <Filter>Source Files</Filter>
    </ClCompile>
    <ClCompile Include="src\ActivationNotifier.cpp">
      <Filter>Source Files</Filter>
    </ClCompile>
    <ClCompile Include="src\AddClientDialog.cpp">
      <Filter>Source Files</Filter>
    </ClCompile>
    <ClCompile Include="src\AppConfig.cpp">
      <Filter>Source Files</Filter>
    </ClCompile>
    <ClCompile Include="src\BaseConfig.cpp">
      <Filter>Source Files</Filter>
    </ClCompile>
    <ClCompile Include="src\CommandProcess.cpp">
      <Filter>Source Files</Filter>
    </ClCompile>
    <ClCompile Include="src\CoreInterface.cpp">
      <Filter>Source Files</Filter>
    </ClCompile>
    <ClCompile Include="src\DataDownloader.cpp">
      <Filter>Source Files</Filter>
    </ClCompile>
    <ClCompile Include="src\Fingerprint.cpp">
      <Filter>Source Files</Filter>
    </ClCompile>
    <ClCompile Include="src\Hotkey.cpp">
      <Filter>Source Files</Filter>
    </ClCompile>
    <ClCompile Include="src\HotkeyDialog.cpp">
      <Filter>Source Files</Filter>
    </ClCompile>
    <ClCompile Include="src\Ipc.cpp">
      <Filter>Source Files</Filter>
    </ClCompile>
    <ClCompile Include="src\IpcClient.cpp">
      <Filter>Source Files</Filter>
    </ClCompile>
    <ClCompile Include="src\IpcReader.cpp">
      <Filter>Source Files</Filter>
    </ClCompile>
    <ClCompile Include="src\KeySequence.cpp">
      <Filter>Source Files</Filter>
    </ClCompile>
    <ClCompile Include="src\KeySequenceWidget.cpp">
      <Filter>Source Files</Filter>
    </ClCompile>
    <ClCompile Include="src\MainWindow.cpp">
      <Filter>Source Files</Filter>
    </ClCompile>
    <ClCompile Include="src\NewScreenWidget.cpp">
      <Filter>Source Files</Filter>
    </ClCompile>
    <ClCompile Include="src\Plugin.cpp">
      <Filter>Source Files</Filter>
    </ClCompile>
    <ClCompile Include="src\PluginManager.cpp">
      <Filter>Source Files</Filter>
    </ClCompile>
    <ClCompile Include="..\lib\common\PluginVersion.cpp">
      <Filter>Source Files</Filter>
    </ClCompile>
    <ClCompile Include="src\PluginWizardPage.cpp">
      <Filter>Source Files</Filter>
    </ClCompile>
    <ClCompile Include="src\QSynergyApplication.cpp">
      <Filter>Source Files</Filter>
    </ClCompile>
    <ClCompile Include="src\QUtility.cpp">
      <Filter>Source Files</Filter>
    </ClCompile>
    <ClCompile Include="src\Screen.cpp">
      <Filter>Source Files</Filter>
    </ClCompile>
    <ClCompile Include="src\ScreenSettingsDialog.cpp">
      <Filter>Source Files</Filter>
    </ClCompile>
    <ClCompile Include="src\ScreenSetupModel.cpp">
      <Filter>Source Files</Filter>
    </ClCompile>
    <ClCompile Include="src\ScreenSetupView.cpp">
      <Filter>Source Files</Filter>
    </ClCompile>
    <ClCompile Include="src\ServerConfig.cpp">
      <Filter>Source Files</Filter>
    </ClCompile>
    <ClCompile Include="src\ServerConfigDialog.cpp">
      <Filter>Source Files</Filter>
    </ClCompile>
    <ClCompile Include="src\SettingsDialog.cpp">
      <Filter>Source Files</Filter>
    </ClCompile>
    <ClCompile Include="src\SetupWizard.cpp">
      <Filter>Source Files</Filter>
    </ClCompile>
    <ClCompile Include="src\SslCertificate.cpp">
      <Filter>Source Files</Filter>
    </ClCompile>
    <ClCompile Include="src\SubscriptionManager.cpp">
      <Filter>Source Files</Filter>
    </ClCompile>
    <ClCompile Include="src\SynergyLocale.cpp">
      <Filter>Source Files</Filter>
    </ClCompile>
    <ClCompile Include="src\TrashScreenWidget.cpp">
      <Filter>Source Files</Filter>
    </ClCompile>
    <ClCompile Include="src\VersionChecker.cpp">
      <Filter>Source Files</Filter>
    </ClCompile>
    <ClCompile Include="src\WebClient.cpp">
      <Filter>Source Files</Filter>
    </ClCompile>
    <ClCompile Include="src\ZeroconfBrowser.cpp">
      <Filter>Source Files</Filter>
    </ClCompile>
    <ClCompile Include="src\ZeroconfRegister.cpp">
      <Filter>Source Files</Filter>
    </ClCompile>
    <ClCompile Include="src\ZeroconfServer.cpp">
      <Filter>Source Files</Filter>
    </ClCompile>
    <ClCompile Include="src\ZeroconfService.cpp">
      <Filter>Source Files</Filter>
    </ClCompile>
    <ClCompile Include="src\ZeroconfThread.cpp">
      <Filter>Source Files</Filter>
    </ClCompile>
    <ClCompile Include="src\main.cpp">
      <Filter>Source Files</Filter>
    </ClCompile>
  </ItemGroup>
  <ItemGroup>
    <CustomBuild Include="src\AboutDialog.h">
      <Filter>Header Files</Filter>
    </CustomBuild>
    <ClInclude Include="src\Action.h">
      <Filter>Header Files</Filter>
    </ClInclude>
    <CustomBuild Include="src\ActionDialog.h">
      <Filter>Header Files</Filter>
    </CustomBuild>
    <CustomBuild Include="src\ActivationNotifier.h">
      <Filter>Header Files</Filter>
    </CustomBuild>
    <CustomBuild Include="src\AddClientDialog.h">
      <Filter>Header Files</Filter>
    </CustomBuild>
    <ClInclude Include="src\AppConfig.h">
      <Filter>Header Files</Filter>
    </ClInclude>
    <ClInclude Include="src\BaseConfig.h">
      <Filter>Header Files</Filter>
    </ClInclude>
    <CustomBuild Include="src\CommandProcess.h">
      <Filter>Header Files</Filter>
    </CustomBuild>
    <ClInclude Include="src\CoreInterface.h">
      <Filter>Header Files</Filter>
    </ClInclude>
    <CustomBuild Include="src\DataDownloader.h">
      <Filter>Header Files</Filter>
    </CustomBuild>
    <ClInclude Include="src\EditionType.h">
      <Filter>Header Files</Filter>
    </ClInclude>
    <ClInclude Include="src\Fingerprint.h">
      <Filter>Header Files</Filter>
    </ClInclude>
    <ClInclude Include="src\Hotkey.h">
      <Filter>Header Files</Filter>
    </ClInclude>
    <CustomBuild Include="src\HotkeyDialog.h">
      <Filter>Header Files</Filter>
    </CustomBuild>
    <ClInclude Include="src\Ipc.h">
      <Filter>Header Files</Filter>
    </ClInclude>
    <CustomBuild Include="src\IpcClient.h">
      <Filter>Header Files</Filter>
    </CustomBuild>
    <CustomBuild Include="src\IpcReader.h">
      <Filter>Header Files</Filter>
    </CustomBuild>
    <ClInclude Include="src\KeySequence.h">
      <Filter>Header Files</Filter>
    </ClInclude>
    <CustomBuild Include="src\KeySequenceWidget.h">
      <Filter>Header Files</Filter>
    </CustomBuild>
    <CustomBuild Include="src\MainWindow.h">
      <Filter>Header Files</Filter>
    </CustomBuild>
    <CustomBuild Include="src\NewScreenWidget.h">
      <Filter>Header Files</Filter>
    </CustomBuild>
    <CustomBuild Include="src\Plugin.h">
      <Filter>Header Files</Filter>
    </CustomBuild>
    <CustomBuild Include="src\PluginManager.h">
      <Filter>Header Files</Filter>
    </CustomBuild>
    <ClInclude Include="..\lib\common\PluginVersion.h">
      <Filter>Header Files</Filter>
    </ClInclude>
    <CustomBuild Include="src\PluginWizardPage.h">
      <Filter>Header Files</Filter>
    </CustomBuild>
    <ClInclude Include="src\ProcessorArch.h">
      <Filter>Header Files</Filter>
    </ClInclude>
    <ClInclude Include="src\QSynergyApplication.h">
      <Filter>Header Files</Filter>
    </ClInclude>
    <ClInclude Include="src\QUtility.h">
      <Filter>Header Files</Filter>
    </ClInclude>
    <ClInclude Include="src\Screen.h">
      <Filter>Header Files</Filter>
    </ClInclude>
    <CustomBuild Include="src\ScreenSettingsDialog.h">
      <Filter>Header Files</Filter>
    </CustomBuild>
    <CustomBuild Include="src\ScreenSetupModel.h">
      <Filter>Header Files</Filter>
    </CustomBuild>
    <CustomBuild Include="src\ScreenSetupView.h">
      <Filter>Header Files</Filter>
    </CustomBuild>
    <ClInclude Include="src\ServerConfig.h">
      <Filter>Header Files</Filter>
    </ClInclude>
    <CustomBuild Include="src\ServerConfigDialog.h">
      <Filter>Header Files</Filter>
    </CustomBuild>
    <CustomBuild Include="src\SettingsDialog.h">
      <Filter>Header Files</Filter>
    </CustomBuild>
    <CustomBuild Include="src\SetupWizard.h">
      <Filter>Header Files</Filter>
    </CustomBuild>
    <CustomBuild Include="src\SslCertificate.h">
      <Filter>Header Files</Filter>
    </CustomBuild>
    <ClInclude Include="src\SubscriptionManager.h">
      <Filter>Header Files</Filter>
    </ClInclude>
    <ClInclude Include="src\SynergyLocale.h">
      <Filter>Header Files</Filter>
    </ClInclude>
    <CustomBuild Include="src\TrashScreenWidget.h">
      <Filter>Header Files</Filter>
    </CustomBuild>
    <CustomBuild Include="src\VersionChecker.h">
      <Filter>Header Files</Filter>
    </CustomBuild>
    <CustomBuild Include="src\WebClient.h">
      <Filter>Header Files</Filter>
    </CustomBuild>
    <CustomBuild Include="src\ZeroconfBrowser.h">
      <Filter>Header Files</Filter>
    </CustomBuild>
    <ClInclude Include="src\ZeroconfRecord.h">
      <Filter>Header Files</Filter>
    </ClInclude>
    <CustomBuild Include="src\ZeroconfRegister.h">
      <Filter>Header Files</Filter>
    </CustomBuild>
    <CustomBuild Include="src\ZeroconfServer.h">
      <Filter>Header Files</Filter>
    </CustomBuild>
    <CustomBuild Include="src\ZeroconfService.h">
      <Filter>Header Files</Filter>
    </CustomBuild>
    <CustomBuild Include="src\ZeroconfThread.h">
      <Filter>Header Files</Filter>
    </CustomBuild>
  </ItemGroup>
  <ItemGroup>
    <ClCompile Include="tmp\debug\moc_AboutDialog.cpp">
      <Filter>Generated Files</Filter>
    </ClCompile>
    <ClCompile Include="tmp\release\moc_AboutDialog.cpp">
      <Filter>Generated Files</Filter>
    </ClCompile>
    <ClCompile Include="tmp\debug\moc_ActionDialog.cpp">
      <Filter>Generated Files</Filter>
    </ClCompile>
    <ClCompile Include="tmp\release\moc_ActionDialog.cpp">
      <Filter>Generated Files</Filter>
    </ClCompile>
    <ClCompile Include="tmp\debug\moc_ActivationNotifier.cpp">
      <Filter>Generated Files</Filter>
    </ClCompile>
    <ClCompile Include="tmp\release\moc_ActivationNotifier.cpp">
      <Filter>Generated Files</Filter>
    </ClCompile>
    <ClCompile Include="tmp\debug\moc_AddClientDialog.cpp">
      <Filter>Generated Files</Filter>
    </ClCompile>
    <ClCompile Include="tmp\release\moc_AddClientDialog.cpp">
      <Filter>Generated Files</Filter>
    </ClCompile>
    <ClCompile Include="tmp\debug\moc_CommandProcess.cpp">
      <Filter>Generated Files</Filter>
    </ClCompile>
    <ClCompile Include="tmp\release\moc_CommandProcess.cpp">
      <Filter>Generated Files</Filter>
    </ClCompile>
    <ClCompile Include="tmp\debug\moc_DataDownloader.cpp">
      <Filter>Generated Files</Filter>
    </ClCompile>
    <ClCompile Include="tmp\release\moc_DataDownloader.cpp">
      <Filter>Generated Files</Filter>
    </ClCompile>
    <ClCompile Include="tmp\debug\moc_HotkeyDialog.cpp">
      <Filter>Generated Files</Filter>
    </ClCompile>
    <ClCompile Include="tmp\release\moc_HotkeyDialog.cpp">
      <Filter>Generated Files</Filter>
    </ClCompile>
    <ClCompile Include="tmp\debug\moc_IpcClient.cpp">
      <Filter>Generated Files</Filter>
    </ClCompile>
    <ClCompile Include="tmp\release\moc_IpcClient.cpp">
      <Filter>Generated Files</Filter>
    </ClCompile>
    <ClCompile Include="tmp\debug\moc_IpcReader.cpp">
      <Filter>Generated Files</Filter>
    </ClCompile>
    <ClCompile Include="tmp\release\moc_IpcReader.cpp">
      <Filter>Generated Files</Filter>
    </ClCompile>
    <ClCompile Include="tmp\debug\moc_KeySequenceWidget.cpp">
      <Filter>Generated Files</Filter>
    </ClCompile>
    <ClCompile Include="tmp\release\moc_KeySequenceWidget.cpp">
      <Filter>Generated Files</Filter>
    </ClCompile>
    <ClCompile Include="tmp\debug\moc_MainWindow.cpp">
      <Filter>Generated Files</Filter>
    </ClCompile>
    <ClCompile Include="tmp\release\moc_MainWindow.cpp">
      <Filter>Generated Files</Filter>
    </ClCompile>
    <ClCompile Include="tmp\debug\moc_NewScreenWidget.cpp">
      <Filter>Generated Files</Filter>
    </ClCompile>
    <ClCompile Include="tmp\release\moc_NewScreenWidget.cpp">
      <Filter>Generated Files</Filter>
    </ClCompile>
    <ClCompile Include="tmp\debug\moc_Plugin.cpp">
      <Filter>Generated Files</Filter>
    </ClCompile>
    <ClCompile Include="tmp\release\moc_Plugin.cpp">
      <Filter>Generated Files</Filter>
    </ClCompile>
    <ClCompile Include="tmp\debug\moc_PluginManager.cpp">
      <Filter>Generated Files</Filter>
    </ClCompile>
    <ClCompile Include="tmp\release\moc_PluginManager.cpp">
      <Filter>Generated Files</Filter>
    </ClCompile>
    <ClCompile Include="tmp\debug\moc_PluginWizardPage.cpp">
      <Filter>Generated Files</Filter>
    </ClCompile>
    <ClCompile Include="tmp\release\moc_PluginWizardPage.cpp">
      <Filter>Generated Files</Filter>
    </ClCompile>
    <ClCompile Include="tmp\debug\moc_ScreenSettingsDialog.cpp">
      <Filter>Generated Files</Filter>
    </ClCompile>
    <ClCompile Include="tmp\release\moc_ScreenSettingsDialog.cpp">
      <Filter>Generated Files</Filter>
    </ClCompile>
    <ClCompile Include="tmp\debug\moc_ScreenSetupModel.cpp">
      <Filter>Generated Files</Filter>
    </ClCompile>
    <ClCompile Include="tmp\release\moc_ScreenSetupModel.cpp">
      <Filter>Generated Files</Filter>
    </ClCompile>
    <ClCompile Include="tmp\debug\moc_ScreenSetupView.cpp">
      <Filter>Generated Files</Filter>
    </ClCompile>
    <ClCompile Include="tmp\release\moc_ScreenSetupView.cpp">
      <Filter>Generated Files</Filter>
    </ClCompile>
    <ClCompile Include="tmp\debug\moc_ServerConfigDialog.cpp">
      <Filter>Generated Files</Filter>
    </ClCompile>
    <ClCompile Include="tmp\release\moc_ServerConfigDialog.cpp">
      <Filter>Generated Files</Filter>
    </ClCompile>
    <ClCompile Include="tmp\debug\moc_SettingsDialog.cpp">
      <Filter>Generated Files</Filter>
    </ClCompile>
    <ClCompile Include="tmp\release\moc_SettingsDialog.cpp">
      <Filter>Generated Files</Filter>
    </ClCompile>
    <ClCompile Include="tmp\debug\moc_SetupWizard.cpp">
      <Filter>Generated Files</Filter>
    </ClCompile>
    <ClCompile Include="tmp\release\moc_SetupWizard.cpp">
      <Filter>Generated Files</Filter>
    </ClCompile>
    <ClCompile Include="tmp\debug\moc_SslCertificate.cpp">
      <Filter>Generated Files</Filter>
    </ClCompile>
    <ClCompile Include="tmp\release\moc_SslCertificate.cpp">
      <Filter>Generated Files</Filter>
    </ClCompile>
    <ClCompile Include="tmp\debug\moc_TrashScreenWidget.cpp">
      <Filter>Generated Files</Filter>
    </ClCompile>
    <ClCompile Include="tmp\release\moc_TrashScreenWidget.cpp">
      <Filter>Generated Files</Filter>
    </ClCompile>
    <ClCompile Include="tmp\debug\moc_VersionChecker.cpp">
      <Filter>Generated Files</Filter>
    </ClCompile>
    <ClCompile Include="tmp\release\moc_VersionChecker.cpp">
      <Filter>Generated Files</Filter>
    </ClCompile>
    <ClCompile Include="tmp\debug\moc_WebClient.cpp">
      <Filter>Generated Files</Filter>
    </ClCompile>
    <ClCompile Include="tmp\release\moc_WebClient.cpp">
      <Filter>Generated Files</Filter>
    </ClCompile>
    <ClCompile Include="tmp\debug\moc_ZeroconfBrowser.cpp">
      <Filter>Generated Files</Filter>
    </ClCompile>
    <ClCompile Include="tmp\release\moc_ZeroconfBrowser.cpp">
      <Filter>Generated Files</Filter>
    </ClCompile>
    <ClCompile Include="tmp\debug\moc_ZeroconfRegister.cpp">
      <Filter>Generated Files</Filter>
    </ClCompile>
    <ClCompile Include="tmp\release\moc_ZeroconfRegister.cpp">
      <Filter>Generated Files</Filter>
    </ClCompile>
    <ClCompile Include="tmp\debug\moc_ZeroconfServer.cpp">
      <Filter>Generated Files</Filter>
    </ClCompile>
    <ClCompile Include="tmp\release\moc_ZeroconfServer.cpp">
      <Filter>Generated Files</Filter>
    </ClCompile>
    <ClCompile Include="tmp\debug\moc_ZeroconfService.cpp">
      <Filter>Generated Files</Filter>
    </ClCompile>
    <ClCompile Include="tmp\release\moc_ZeroconfService.cpp">
      <Filter>Generated Files</Filter>
    </ClCompile>
    <ClCompile Include="tmp\debug\moc_ZeroconfThread.cpp">
      <Filter>Generated Files</Filter>
    </ClCompile>
    <ClCompile Include="tmp\release\moc_ZeroconfThread.cpp">
      <Filter>Generated Files</Filter>
    </ClCompile>
    <ClCompile Include="tmp\debug\qrc_Synergy.cpp">
      <Filter>Generated Files</Filter>
    </ClCompile>
    <ClCompile Include="tmp\release\qrc_Synergy.cpp">
      <Filter>Generated Files</Filter>
    </ClCompile>
    <ClInclude Include="ui_AboutDialogBase.h">
      <Filter>Generated Files</Filter>
    </ClInclude>
    <ClInclude Include="ui_ActionDialogBase.h">
      <Filter>Generated Files</Filter>
    </ClInclude>
    <ClInclude Include="ui_AddClientDialogBase.h">
      <Filter>Generated Files</Filter>
    </ClInclude>
    <ClInclude Include="ui_HotkeyDialogBase.h">
      <Filter>Generated Files</Filter>
    </ClInclude>
    <ClInclude Include="ui_MainWindowBase.h">
      <Filter>Generated Files</Filter>
    </ClInclude>
    <ClInclude Include="ui_PluginWizardPageBase.h">
      <Filter>Generated Files</Filter>
    </ClInclude>
    <ClInclude Include="ui_ScreenSettingsDialogBase.h">
      <Filter>Generated Files</Filter>
    </ClInclude>
    <ClInclude Include="ui_ServerConfigDialogBase.h">
      <Filter>Generated Files</Filter>
    </ClInclude>
    <ClInclude Include="ui_SettingsDialogBase.h">
      <Filter>Generated Files</Filter>
    </ClInclude>
    <ClInclude Include="ui_SetupWizardBase.h">
      <Filter>Generated Files</Filter>
    </ClInclude>
  </ItemGroup>
  <ItemGroup>
    <CustomBuild Include="res\AboutDialogBase.ui">
      <Filter>Form Files</Filter>
    </CustomBuild>
    <CustomBuild Include="res\ActionDialogBase.ui">
      <Filter>Form Files</Filter>
    </CustomBuild>
    <CustomBuild Include="res\AddClientDialogBase.ui">
      <Filter>Form Files</Filter>
    </CustomBuild>
    <CustomBuild Include="res\HotkeyDialogBase.ui">
      <Filter>Form Files</Filter>
    </CustomBuild>
    <CustomBuild Include="res\MainWindowBase.ui">
      <Filter>Form Files</Filter>
    </CustomBuild>
    <CustomBuild Include="res\PluginWizardPageBase.ui">
      <Filter>Form Files</Filter>
    </CustomBuild>
    <CustomBuild Include="res\ScreenSettingsDialogBase.ui">
      <Filter>Form Files</Filter>
    </CustomBuild>
    <CustomBuild Include="res\ServerConfigDialogBase.ui">
      <Filter>Form Files</Filter>
    </CustomBuild>
    <CustomBuild Include="res\SettingsDialogBase.ui">
      <Filter>Form Files</Filter>
    </CustomBuild>
    <CustomBuild Include="res\SetupWizardBase.ui">
      <Filter>Form Files</Filter>
    </CustomBuild>
  </ItemGroup>
  <ItemGroup>
    <None Include="res\lang\Languages.xml">
      <Filter>Resource Files</Filter>
    </None>
    <CustomBuild Include="res\Synergy.qrc">
      <Filter>Resource Files</Filter>
    </CustomBuild>
    <None Include="res\image\about.png">
      <Filter>Resource Files</Filter>
    </None>
    <None Include="res\lang\gui_ar.qm">
      <Filter>Resource Files</Filter>
    </None>
    <None Include="res\lang\gui_bg-BG.qm">
      <Filter>Resource Files</Filter>
    </None>
    <None Include="res\lang\gui_ca-AD.qm">
      <Filter>Resource Files</Filter>
    </None>
    <None Include="res\lang\gui_cs-CZ.qm">
      <Filter>Resource Files</Filter>
    </None>
    <None Include="res\lang\gui_cy.qm">
      <Filter>Resource Files</Filter>
    </None>
    <None Include="res\lang\gui_da.qm">
      <Filter>Resource Files</Filter>
    </None>
    <None Include="res\lang\gui_de.qm">
      <Filter>Resource Files</Filter>
    </None>
    <None Include="res\lang\gui_es.qm">
      <Filter>Resource Files</Filter>
    </None>
    <None Include="res\lang\gui_fi.qm">
      <Filter>Resource Files</Filter>
    </None>
    <None Include="res\lang\gui_fr.qm">
      <Filter>Resource Files</Filter>
    </None>
    <None Include="res\lang\gui_grk.qm">
      <Filter>Resource Files</Filter>
    </None>
    <None Include="res\lang\gui_he.qm">
      <Filter>Resource Files</Filter>
    </None>
    <None Include="res\lang\gui_hr-HR.qm">
      <Filter>Resource Files</Filter>
    </None>
    <None Include="res\lang\gui_hu-HU.qm">
      <Filter>Resource Files</Filter>
    </None>
    <None Include="res\lang\gui_id.qm">
      <Filter>Resource Files</Filter>
    </None>
    <None Include="res\lang\gui_it.qm">
      <Filter>Resource Files</Filter>
    </None>
    <None Include="res\lang\gui_ja-JP.qm">
      <Filter>Resource Files</Filter>
    </None>
    <None Include="res\lang\gui_ko.qm">
      <Filter>Resource Files</Filter>
    </None>
    <None Include="res\lang\gui_lt.qm">
      <Filter>Resource Files</Filter>
    </None>
    <None Include="res\lang\gui_lv.qm">
      <Filter>Resource Files</Filter>
    </None>
    <None Include="res\lang\gui_mr.qm">
      <Filter>Resource Files</Filter>
    </None>
    <None Include="res\lang\gui_nl-NL.qm">
      <Filter>Resource Files</Filter>
    </None>
    <None Include="res\lang\gui_no.qm">
      <Filter>Resource Files</Filter>
    </None>
    <None Include="res\lang\gui_pes-IR.qm">
      <Filter>Resource Files</Filter>
    </None>
    <None Include="res\lang\gui_pl-PL.qm">
      <Filter>Resource Files</Filter>
    </None>
    <None Include="res\lang\gui_pt-BR.qm">
      <Filter>Resource Files</Filter>
    </None>
    <None Include="res\lang\gui_pt-PT.qm">
      <Filter>Resource Files</Filter>
    </None>
    <None Include="res\lang\gui_ro.qm">
      <Filter>Resource Files</Filter>
    </None>
    <None Include="res\lang\gui_ru.qm">
      <Filter>Resource Files</Filter>
    </None>
    <None Include="res\lang\gui_si.qm">
      <Filter>Resource Files</Filter>
    </None>
    <None Include="res\lang\gui_sk-SK.qm">
      <Filter>Resource Files</Filter>
    </None>
    <None Include="res\lang\gui_sl-SI.qm">
      <Filter>Resource Files</Filter>
    </None>
    <None Include="res\lang\gui_sq-AL.qm">
      <Filter>Resource Files</Filter>
    </None>
    <None Include="res\lang\gui_sr.qm">
      <Filter>Resource Files</Filter>
    </None>
    <None Include="res\lang\gui_sv.qm">
      <Filter>Resource Files</Filter>
    </None>
    <None Include="res\lang\gui_th-TH.qm">
      <Filter>Resource Files</Filter>
    </None>
    <None Include="res\lang\gui_tr-TR.qm">
      <Filter>Resource Files</Filter>
    </None>
    <None Include="res\lang\gui_uk.qm">
      <Filter>Resource Files</Filter>
    </None>
    <None Include="res\lang\gui_ur.qm">
      <Filter>Resource Files</Filter>
    </None>
    <None Include="res\lang\gui_vi.qm">
      <Filter>Resource Files</Filter>
    </None>
    <None Include="res\lang\gui_zh-CN.qm">
      <Filter>Resource Files</Filter>
    </None>
    <None Include="res\lang\gui_zh-TW.qm">
      <Filter>Resource Files</Filter>
    </None>
    <None Include="res\icons\16x16\money.png">
      <Filter>Resource Files</Filter>
    </None>
    <None Include="res\icons\16x16\padlock.png">
      <Filter>Resource Files</Filter>
    </None>
    <None Include="res\image\spinning-wheel.gif">
      <Filter>Resource Files</Filter>
    </None>
    <None Include="res\icons\16x16\synergy-connected.png">
      <Filter>Resource Files</Filter>
    </None>
    <None Include="res\icons\16x16\synergy-disconnected.png">
      <Filter>Resource Files</Filter>
    </None>
    <None Include="res\icons\16x16\synergy-transfering.png">
      <Filter>Resource Files</Filter>
    </None>
    <None Include="res\icons\256x256\synergy.ico">
      <Filter>Resource Files</Filter>
    </None>
    <None Include="res\icons\64x64\user-trash.png">
      <Filter>Resource Files</Filter>
    </None>
    <None Include="res\icons\64x64\video-display.png">
      <Filter>Resource Files</Filter>
    </None>
    <None Include="res\icons\16x16\warning.png">
      <Filter>Resource Files</Filter>
    </None>
  </ItemGroup>
  <ItemGroup>
    <ResourceCompile Include="res\win\Synergy.rc" />
  </ItemGroup>
</Project>